
Microsoft Visual Studio Solution File, Format Version 12.00
# Visual Studio 2013
VisualStudioVersion = 12.0.31101.0
MinimumVisualStudioVersion = 10.0.40219.1
Project("{FAE04EC0-301F-11D3-BF4B-00C04F79EFBC}") = "mTicketSever", "mTicketSever\mTicketSever.csproj", "{98F4BADD-08DE-41BA-8095-86D8C88A020D}"
EndProject
Project("{FAE04EC0-301F-11D3-BF4B-00C04F79EFBC}") = "mTicketImporter", "mTicketImporter\mTicketImporter.csproj", "{BF337D9E-6A69-46E3-999E-A2D9D64637E0}"
EndProject
Project("{FAE04EC0-301F-11D3-BF4B-00C04F79EFBC}") = "mTickLibs", "mTickLibs\mTickLibs.csproj", "{983B0204-7D60-4046-A9B5-1DC7CFFF40E3}"
EndProject
Global
	GlobalSection(SolutionConfigurationPlatforms) = preSolution
		Debug|Any CPU = Debug|Any CPU
		Debug|Mixed Platforms = Debug|Mixed Platforms
		Debug|x86 = Debug|x86
		Release|Any CPU = Release|Any CPU
		Release|Mixed Platforms = Release|Mixed Platforms
		Release|x86 = Release|x86
	EndGlobalSection
	GlobalSection(ProjectConfigurationPlatforms) = postSolution
		{98F4BADD-08DE-41BA-8095-86D8C88A020D}.Debug|Any CPU.ActiveCfg = Debug|Any CPU
		{98F4BADD-08DE-41BA-8095-86D8C88A020D}.Debug|Any CPU.Build.0 = Debug|Any CPU
		{98F4BADD-08DE-41BA-8095-86D8C88A020D}.Debug|Mixed Platforms.ActiveCfg = Debug|x86
		{98F4BADD-08DE-41BA-8095-86D8C88A020D}.Debug|Mixed Platforms.Build.0 = Debug|x86
		{98F4BADD-08DE-41BA-8095-86D8C88A020D}.Debug|x86.ActiveCfg = Debug|x86
		{98F4BADD-08DE-41BA-8095-86D8C88A020D}.Debug|x86.Build.0 = Debug|x86
		{98F4BADD-08DE-41BA-8095-86D8C88A020D}.Release|Any CPU.ActiveCfg = Release|Any CPU
		{98F4BADD-08DE-41BA-8095-86D8C88A020D}.Release|Any CPU.Build.0 = Release|Any CPU
		{98F4BADD-08DE-41BA-8095-86D8C88A020D}.Release|Mixed Platforms.ActiveCfg = Release|x86
		{98F4BADD-08DE-41BA-8095-86D8C88A020D}.Release|Mixed Platforms.Build.0 = Release|x86
		{98F4BADD-08DE-41BA-8095-86D8C88A020D}.Release|x86.ActiveCfg = Release|x86
		{98F4BADD-08DE-41BA-8095-86D8C88A020D}.Release|x86.Build.0 = Release|x86
		{BF337D9E-6A69-46E3-999E-A2D9D64637E0}.Debug|Any CPU.ActiveCfg = Debug|Any CPU
		{BF337D9E-6A69-46E3-999E-A2D9D64637E0}.Debug|Any CPU.Build.0 = Debug|Any CPU
		{BF337D9E-6A69-46E3-999E-A2D9D64637E0}.Debug|Mixed Platforms.ActiveCfg = Debug|Any CPU
		{BF337D9E-6A69-46E3-999E-A2D9D64637E0}.Debug|Mixed Platforms.Build.0 = Debug|Any CPU
		{BF337D9E-6A69-46E3-999E-A2D9D64637E0}.Debug|x86.ActiveCfg = Debug|x86
		{BF337D9E-6A69-46E3-999E-A2D9D64637E0}.Debug|x86.Build.0 = Debug|x86
		{BF337D9E-6A69-46E3-999E-A2D9D64637E0}.Release|Any CPU.ActiveCfg = Release|Any CPU
		{BF337D9E-6A69-46E3-999E-A2D9D64637E0}.Release|Any CPU.Build.0 = Release|Any CPU
		{BF337D9E-6A69-46E3-999E-A2D9D64637E0}.Release|Mixed Platforms.ActiveCfg = Release|Any CPU
		{BF337D9E-6A69-46E3-999E-A2D9D64637E0}.Release|Mixed Platforms.Build.0 = Release|Any CPU
		{BF337D9E-6A69-46E3-999E-A2D9D64637E0}.Release|x86.ActiveCfg = Release|Any CPU
		{983B0204-7D60-4046-A9B5-1DC7CFFF40E3}.Debug|Any CPU.ActiveCfg = Debug|Any CPU
		{983B0204-7D60-4046-A9B5-1DC7CFFF40E3}.Debug|Any CPU.Build.0 = Debug|Any CPU
		{983B0204-7D60-4046-A9B5-1DC7CFFF40E3}.Debug|Mixed Platforms.ActiveCfg = Debug|Any CPU
		{983B0204-7D60-4046-A9B5-1DC7CFFF40E3}.Debug|Mixed Platforms.Build.0 = Debug|Any CPU
		{983B0204-7D60-4046-A9B5-1DC7CFFF40E3}.Debug|x86.ActiveCfg = Debug|Any CPU
		{983B0204-7D60-4046-A9B5-1DC7CFFF40E3}.Debug|x86.Build.0 = Debug|Any CPU
		{983B0204-7D60-4046-A9B5-1DC7CFFF40E3}.Release|Any CPU.ActiveCfg = Release|Any CPU
		{983B0204-7D60-4046-A9B5-1DC7CFFF40E3}.Release|Any CPU.Build.0 = Release|Any CPU
		{983B0204-7D60-4046-A9B5-1DC7CFFF40E3}.Release|Mixed Platforms.ActiveCfg = Release|Any CPU
		{983B0204-7D60-4046-A9B5-1DC7CFFF40E3}.Release|Mixed Platforms.Build.0 = Release|Any CPU
		{983B0204-7D60-4046-A9B5-1DC7CFFF40E3}.Release|x86.ActiveCfg = Release|Any CPU
	EndGlobalSection
	GlobalSection(SolutionProperties) = preSolution
		HideSolutionNode = FALSE
	EndGlobalSection
EndGlobal
